
Microsoft Visual Studio Solution File, Format Version 12.00
# Visual Studio Version 16
VisualStudioVersion = 16.0.30907.101
MinimumVisualStudioVersion = 10.0.40219.1
Project("{FAE04EC0-301F-11D3-BF4B-00C04F79EFBC}") = "mantis-tests", "mantis-tests.csproj", "{05ED4C9A-EE91-4288-8E2B-E3D96BB06803}"
EndProject
Global
	GlobalSection(SolutionConfigurationPlatforms) = preSolution
		Debug|Any CPU = Debug|Any CPU
		Release|Any CPU = Release|Any CPU
	EndGlobalSection
	GlobalSection(ProjectConfigurationPlatforms) = postSolution
		{05ED4C9A-EE91-4288-8E2B-E3D96BB06803}.Debug|Any CPU.ActiveCfg = Debug|Any CPU
		{05ED4C9A-EE91-4288-8E2B-E3D96BB06803}.Debug|Any CPU.Build.0 = Debug|Any CPU
		{05ED4C9A-EE91-4288-8E2B-E3D96BB06803}.Release|Any CPU.ActiveCfg = Release|Any CPU
		{05ED4C9A-EE91-4288-8E2B-E3D96BB06803}.Release|Any CPU.Build.0 = Release|Any CPU
	EndGlobalSection
	GlobalSection(SolutionProperties) = preSolution
		HideSolutionNode = FALSE
	EndGlobalSection
	GlobalSection(ExtensibilityGlobals) = postSolution
		SolutionGuid = {091CA3AD-70C6-4754-9D9A-F219C05C0ECF}
	EndGlobalSection
EndGlobal
