
Microsoft Visual Studio Solution File, Format Version 12.00
# Visual Studio Version 16
VisualStudioVersion = 16.0.30907.101
MinimumVisualStudioVersion = 10.0.40219.1
Project("{FAE04EC0-301F-11D3-BF4B-00C04F79EFBC}") = "addressbook_tests_autoit", "addressbook_tests_autoit.csproj", "{CF061BE5-8FF1-4A53-BFF7-9B6DE49D21F8}"
EndProject
Global
	GlobalSection(SolutionConfigurationPlatforms) = preSolution
		Debug|Any CPU = Debug|Any CPU
		Release|Any CPU = Release|Any CPU
	EndGlobalSection
	GlobalSection(ProjectConfigurationPlatforms) = postSolution
		{CF061BE5-8FF1-4A53-BFF7-9B6DE49D21F8}.Debug|Any CPU.ActiveCfg = Debug|Any CPU
		{CF061BE5-8FF1-4A53-BFF7-9B6DE49D21F8}.Debug|Any CPU.Build.0 = Debug|Any CPU
		{CF061BE5-8FF1-4A53-BFF7-9B6DE49D21F8}.Release|Any CPU.ActiveCfg = Release|Any CPU
		{CF061BE5-8FF1-4A53-BFF7-9B6DE49D21F8}.Release|Any CPU.Build.0 = Release|Any CPU
	EndGlobalSection
	GlobalSection(SolutionProperties) = preSolution
		HideSolutionNode = FALSE
	EndGlobalSection
	GlobalSection(ExtensibilityGlobals) = postSolution
		SolutionGuid = {2911B431-79B3-4667-916D-537B17EF7C18}
	EndGlobalSection
EndGlobal
